
Microsoft Visual Studio Solution File, Format Version 12.00
# Visual Studio Version 16
VisualStudioVersion = 16.0.31729.503
MinimumVisualStudioVersion = 10.0.40219.1
Project("{FAE04EC0-301F-11D3-BF4B-00C04F79EFBC}") = "Prog_lab10_csharp", "Prog_lab10_csharp.csproj", "{6A716480-C4DE-40DF-AB3F-ADDAF70EA2C5}"
EndProject
Global
	GlobalSection(SolutionConfigurationPlatforms) = preSolution
		Debug|Any CPU = Debug|Any CPU
		Release|Any CPU = Release|Any CPU
	EndGlobalSection
	GlobalSection(ProjectConfigurationPlatforms) = postSolution
		{6A716480-C4DE-40DF-AB3F-ADDAF70EA2C5}.Debug|Any CPU.ActiveCfg = Debug|Any CPU
		{6A716480-C4DE-40DF-AB3F-ADDAF70EA2C5}.Debug|Any CPU.Build.0 = Debug|Any CPU
		{6A716480-C4DE-40DF-AB3F-ADDAF70EA2C5}.Release|Any CPU.ActiveCfg = Release|Any CPU
		{6A716480-C4DE-40DF-AB3F-ADDAF70EA2C5}.Release|Any CPU.Build.0 = Release|Any CPU
	EndGlobalSection
	GlobalSection(SolutionProperties) = preSolution
		HideSolutionNode = FALSE
	EndGlobalSection
	GlobalSection(ExtensibilityGlobals) = postSolution
		SolutionGuid = {F0708220-3D72-4357-AAC2-DA18E03787C5}
	EndGlobalSection
EndGlobal
